
Microsoft Visual Studio Solution File, Format Version 12.00
# Visual Studio Version 17
VisualStudioVersion = 17.0.31903.59
MinimumVisualStudioVersion = 10.0.40219.1
Project("{FAE04EC0-301F-11D3-BF4B-00C04F79EFBC}") = "TodoManager.Unit.Tests", "TodoManager.Unit.Tests\TodoManager.Unit.Tests.csproj", "{774A773B-51D1-4553-891D-9A10A9045DC4}"
EndProject
Project("{FAE04EC0-301F-11D3-BF4B-00C04F79EFBC}") = "TodoManager.Api", "TodoManager.Api\TodoManager.Api.csproj", "{446267AD-43B5-46A6-83AF-B1552FA365E6}"
EndProject
Global
	GlobalSection(SolutionConfigurationPlatforms) = preSolution
		Debug|Any CPU = Debug|Any CPU
		Release|Any CPU = Release|Any CPU
	EndGlobalSection
	GlobalSection(SolutionProperties) = preSolution
		HideSolutionNode = FALSE
	EndGlobalSection
	GlobalSection(ProjectConfigurationPlatforms) = postSolution
		{774A773B-51D1-4553-891D-9A10A9045DC4}.Debug|Any CPU.ActiveCfg = Debug|Any CPU
		{774A773B-51D1-4553-891D-9A10A9045DC4}.Debug|Any CPU.Build.0 = Debug|Any CPU
		{774A773B-51D1-4553-891D-9A10A9045DC4}.Release|Any CPU.ActiveCfg = Release|Any CPU
		{774A773B-51D1-4553-891D-9A10A9045DC4}.Release|Any CPU.Build.0 = Release|Any CPU
		{446267AD-43B5-46A6-83AF-B1552FA365E6}.Debug|Any CPU.ActiveCfg = Debug|Any CPU
		{446267AD-43B5-46A6-83AF-B1552FA365E6}.Debug|Any CPU.Build.0 = Debug|Any CPU
		{446267AD-43B5-46A6-83AF-B1552FA365E6}.Release|Any CPU.ActiveCfg = Release|Any CPU
		{446267AD-43B5-46A6-83AF-B1552FA365E6}.Release|Any CPU.Build.0 = Release|Any CPU
	EndGlobalSection
EndGlobal
